
Microsoft Visual Studio Solution File, Format Version 12.00
# Visual Studio Version 16
VisualStudioVersion = 16.0.30204.135
MinimumVisualStudioVersion = 10.0.40219.1
Project("{8BC9CEB8-8B4A-11D0-8D11-00A0C91BC942}") = "StandardDialog", "StandardDialog.vcxproj", "{0EB7A2D9-D38A-4827-A0AF-29A66A23A2BE}"
EndProject
Global
	GlobalSection(SolutionConfigurationPlatforms) = preSolution
		Debug|x64 = Debug|x64
		Release|x64 = Release|x64
	EndGlobalSection
	GlobalSection(ProjectConfigurationPlatforms) = postSolution
		{0EB7A2D9-D38A-4827-A0AF-29A66A23A2BE}.Debug|x64.ActiveCfg = Debug|x64
		{0EB7A2D9-D38A-4827-A0AF-29A66A23A2BE}.Debug|x64.Build.0 = Debug|x64
		{0EB7A2D9-D38A-4827-A0AF-29A66A23A2BE}.Release|x64.ActiveCfg = Release|x64
		{0EB7A2D9-D38A-4827-A0AF-29A66A23A2BE}.Release|x64.Build.0 = Release|x64
	EndGlobalSection
	GlobalSection(SolutionProperties) = preSolution
		HideSolutionNode = FALSE
	EndGlobalSection
	GlobalSection(ExtensibilityGlobals) = postSolution
		SolutionGuid = {ED3856CB-D60D-4ABF-A97D-18D05E3AFC41}
	EndGlobalSection
EndGlobal
